// !$*UTF8*$!
{
	archiveVersion = 1;
	classes = {
	};
	objectVersion = 56;
	objects = {

/* Begin PBXBuildFile section */
		EA62EF062B7D471200E41FBA /* MyPetApp.swift in Sources */ = {isa = PBXBuildFile; fileRef = EA62EF052B7D471200E41FBA /* MyPetApp.swift */; };
		EA62EF082B7D471200E41FBA /* ContentView.swift in Sources */ = {isa = PBXBuildFile; fileRef = EA62EF072B7D471200E41FBA /* ContentView.swift */; };
		EA62EF0A2B7D471400E41FBA /* Assets.xcassets in Resources */ = {isa = PBXBuildFile; fileRef = EA62EF092B7D471400E41FBA /* Assets.xcassets */; };
		EA62EF0D2B7D471400E41FBA /* Preview Assets.xcassets in Resources */ = {isa = PBXBuildFile; fileRef = EA62EF0C2B7D471400E41FBA /* Preview Assets.xcassets */; };
		EA62EF172B7D471400E41FBA /* MyPetTests.swift in Sources */ = {isa = PBXBuildFile; fileRef = EA62EF162B7D471400E41FBA /* MyPetTests.swift */; };
		EA62EF212B7D471400E41FBA /* MyPetUITests.swift in Sources */ = {isa = PBXBuildFile; fileRef = EA62EF202B7D471400E41FBA /* MyPetUITests.swift */; };
		EA62EF232B7D471400E41FBA /* MyPetUITestsLaunchTests.swift in Sources */ = {isa = PBXBuildFile; fileRef = EA62EF222B7D471400E41FBA /* MyPetUITestsLaunchTests.swift */; };
		EA62EF312B7D47AD00E41FBA /* Pet.swift in Sources */ = {isa = PBXBuildFile; fileRef = EA62EF2F2B7D47A700E41FBA /* Pet.swift */; };
		EA62EF342B7D487900E41FBA /* NameDisplayView.swift in Sources */ = {isa = PBXBuildFile; fileRef = EA62EF332B7D487900E41FBA /* NameDisplayView.swift */; };
/* End PBXBuildFile section */

/* Begin PBXContainerItemProxy section */
		EA62EF132B7D471400E41FBA /* PBXContainerItemProxy */ = {
			isa = PBXContainerItemProxy;
			containerPortal = EA62EEFA2B7D471100E41FBA /* Project object */;
			proxyType = 1;
			remoteGlobalIDString = EA62EF012B7D471200E41FBA;
			remoteInfo = MyPet;
		};
		EA62EF1D2B7D471400E41FBA /* PBXContainerItemProxy */ = {
			isa = PBXContainerItemProxy;
			containerPortal = EA62EEFA2B7D471100E41FBA /* Project object */;
			proxyType = 1;
			remoteGlobalIDString = EA62EF012B7D471200E41FBA;
			remoteInfo = MyPet;
		};
/* End PBXContainerItemProxy section */

/* Begin PBXFileReference section */
		EA62EF022B7D471200E41FBA /* MyPet.app */ = {isa = PBXFileReference; explicitFileType = wrapper.application; includeInIndex = 0; path = MyPet.app; sourceTree = BUILT_PRODUCTS_DIR; };
		EA62EF052B7D471200E41FBA /* MyPetApp.swift */ = {isa = PBXFileReference; lastKnownFileType = sourcecode.swift; path = MyPetApp.swift; sourceTree = "<group>"; };
		EA62EF072B7D471200E41FBA /* ContentView.swift */ = {isa = PBXFileReference; lastKnownFileType = sourcecode.swift; path = ContentView.swift; sourceTree = "<group>"; };
		EA62EF092B7D471400E41FBA /* Assets.xcassets */ = {isa = PBXFileReference; lastKnownFileType = folder.assetcatalog; path = Assets.xcassets; sourceTree = "<group>"; };
		EA62EF0C2B7D471400E41FBA /* Preview Assets.xcassets */ = {isa = PBXFileReference; lastKnownFileType = folder.assetcatalog; path = "Preview Assets.xcassets"; sourceTree = "<group>"; };
		EA62EF122B7D471400E41FBA /* MyPetTests.xctest */ = {isa = PBXFileReference; explicitFileType = wrapper.cfbundle; includeInIndex = 0; path = MyPetTests.xctest; sourceTree = BUILT_PRODUCTS_DIR; };
		EA62EF162B7D471400E41FBA /* MyPetTests.swift */ = {isa = PBXFileReference; lastKnownFileType = sourcecode.swift; path = MyPetTests.swift; sourceTree = "<group>"; };
		EA62EF1C2B7D471400E41FBA /* MyPetUITests.xctest */ = {isa = PBXFileReference; explicitFileType = wrapper.cfbundle; includeInIndex = 0; path = MyPetUITests.xctest; sourceTree = BUILT_PRODUCTS_DIR; };
		EA62EF202B7D471400E41FBA /* MyPetUITests.swift */ = {isa = PBXFileReference; lastKnownFileType = sourcecode.swift; path = MyPetUITests.swift; sourceTree = "<group>"; };
		EA62EF222B7D471400E41FBA /* MyPetUITestsLaunchTests.swift */ = {isa = PBXFileReference; lastKnownFileType = sourcecode.swift; path = MyPetUITestsLaunchTests.swift; sourceTree = "<group>"; };
		EA62EF2F2B7D47A700E41FBA /* Pet.swift */ = {isa = PBXFileReference; lastKnownFileType = sourcecode.swift; path = Pet.swift; sourceTree = "<group>"; };
		EA62EF332B7D487900E41FBA /* NameDisplayView.swift */ = {isa = PBXFileReference; lastKnownFileType = sourcecode.swift; path = NameDisplayView.swift; sourceTree = "<group>"; };
/* End PBXFileReference section */

/* Begin PBXFrameworksBuildPhase section */
		EA62EEFF2B7D471200E41FBA /* Frameworks */ = {
			isa = PBXFrameworksBuildPhase;
			buildActionMask = 2147483647;
			files = (
			);
			runOnlyForDeploymentPostprocessing = 0;
		};
		EA62EF0F2B7D471400E41FBA /* Frameworks */ = {
			isa = PBXFrameworksBuildPhase;
			buildActionMask = 2147483647;
			files = (
			);
			runOnlyForDeploymentPostprocessing = 0;
		};
		EA62EF192B7D471400E41FBA /* Frameworks */ = {
			isa = PBXFrameworksBuildPhase;
			buildActionMask = 2147483647;
			files = (
			);
			runOnlyForDeploymentPostprocessing = 0;
		};
/* End PBXFrameworksBuildPhase section */

/* Begin PBXGroup section */
		EA62EEF92B7D471100E41FBA = {
			isa = PBXGroup;
			children = (
				EA62EF042B7D471200E41FBA /* MyPet */,
				EA62EF152B7D471400E41FBA /* MyPetTests */,
				EA62EF1F2B7D471400E41FBA /* MyPetUITests */,
				EA62EF032B7D471200E41FBA /* Products */,
			);
			sourceTree = "<group>";
		};
		EA62EF032B7D471200E41FBA /* Products */ = {
			isa = PBXGroup;
			children = (
				EA62EF022B7D471200E41FBA /* MyPet.app */,
				EA62EF122B7D471400E41FBA /* MyPetTests.xctest */,
				EA62EF1C2B7D471400E41FBA /* MyPetUITests.xctest */,
			);
			name = Products;
			sourceTree = "<group>";
		};
		EA62EF042B7D471200E41FBA /* MyPet */ = {
			isa = PBXGroup;
			children = (
				EA62EF2F2B7D47A700E41FBA /* Pet.swift */,
				EA62EF052B7D471200E41FBA /* MyPetApp.swift */,
				EA62EF072B7D471200E41FBA /* ContentView.swift */,
				EA62EF092B7D471400E41FBA /* Assets.xcassets */,
				EA62EF322B7D486200E41FBA /* Views */,
				EA62EF0B2B7D471400E41FBA /* Preview Content */,
			);
			path = MyPet;
			sourceTree = "<group>";
		};
		EA62EF0B2B7D471400E41FBA /* Preview Content */ = {
			isa = PBXGroup;
			children = (
				EA62EF0C2B7D471400E41FBA /* Preview Assets.xcassets */,
			);
			path = "Preview Content";
			sourceTree = "<group>";
		};
		EA62EF152B7D471400E41FBA /* MyPetTests */ = {
			isa = PBXGroup;
			children = (
				EA62EF162B7D471400E41FBA /* MyPetTests.swift */,
			);
			path = MyPetTests;
			sourceTree = "<group>";
		};
		EA62EF1F2B7D471400E41FBA /* MyPetUITests */ = {
			isa = PBXGroup;
			children = (
				EA62EF202B7D471400E41FBA /* MyPetUITests.swift */,
				EA62EF222B7D471400E41FBA /* MyPetUITestsLaunchTests.swift */,
			);
			path = MyPetUITests;
			sourceTree = "<group>";
		};
		EA62EF322B7D486200E41FBA /* Views */ = {
			isa = PBXGroup;
			children = (
				EA62EF332B7D487900E41FBA /* NameDisplayView.swift */,
			);
			path = Views;
			sourceTree = "<group>";
		};
/* End PBXGroup section */

/* Begin PBXNativeTarget section */
		EA62EF012B7D471200E41FBA /* MyPet */ = {
			isa = PBXNativeTarget;
			buildConfigurationList = EA62EF262B7D471400E41FBA /* Build configuration list for PBXNativeTarget "MyPet" */;
			buildPhases = (
				EA62EEFE2B7D471200E41FBA /* Sources */,
				EA62EEFF2B7D471200E41FBA /* Frameworks */,
				EA62EF002B7D471200E41FBA /* Resources */,
			);
			buildRules = (
			);
			dependencies = (
			);
			name = MyPet;
			productName = MyPet;
			productReference = EA62EF022B7D471200E41FBA /* MyPet.app */;
			productType = "com.apple.product-type.application";
		};
		EA62EF112B7D471400E41FBA /* MyPetTests */ = {
			isa = PBXNativeTarget;
			buildConfigurationList = EA62EF292B7D471400E41FBA /* Build configuration list for PBXNativeTarget "MyPetTests" */;
			buildPhases = (
				EA62EF0E2B7D471400E41FBA /* Sources */,
				EA62EF0F2B7D471400E41FBA /* Frameworks */,
				EA62EF102B7D471400E41FBA /* Resources */,
			);
			buildRules = (
			);
			dependencies = (
				EA62EF142B7D471400E41FBA /* PBXTargetDependency */,
			);
			name = MyPetTests;
			productName = MyPetTests;
			productReference = EA62EF122B7D471400E41FBA /* MyPetTests.xctest */;
			productType = "com.apple.product-type.bundle.unit-test";
		};
		EA62EF1B2B7D471400E41FBA /* MyPetUITests */ = {
			isa = PBXNativeTarget;
			buildConfigurationList = EA62EF2C2B7D471400E41FBA /* Build configuration list for PBXNativeTarget "MyPetUITests" */;
			buildPhases = (
				EA62EF182B7D471400E41FBA /* Sources */,
				EA62EF192B7D471400E41FBA /* Frameworks */,
				EA62EF1A2B7D471400E41FBA /* Resources */,
			);
			buildRules = (
			);
			dependencies = (
				EA62EF1E2B7D471400E41FBA /* PBXTargetDependency */,
			);
			name = MyPetUITests;
			productName = MyPetUITests;
			productReference = EA62EF1C2B7D471400E41FBA /* MyPetUITests.xctest */;
			productType = "com.apple.product-type.bundle.ui-testing";
		};
/* End PBXNativeTarget section */

/* Begin PBXProject section */
		EA62EEFA2B7D471100E41FBA /* Project object */ = {
			isa = PBXProject;
			attributes = {
				BuildIndependentTargetsInParallel = 1;
				LastSwiftUpdateCheck = 1520;
				LastUpgradeCheck = 1520;
				TargetAttributes = {
					EA62EF012B7D471200E41FBA = {
						CreatedOnToolsVersion = 15.2;
					};
					EA62EF112B7D471400E41FBA = {
						CreatedOnToolsVersion = 15.2;
						TestTargetID = EA62EF012B7D471200E41FBA;
					};
					EA62EF1B2B7D471400E41FBA = {
						CreatedOnToolsVersion = 15.2;
						TestTargetID = EA62EF012B7D471200E41FBA;
					};
				};
			};
			buildConfigurationList = EA62EEFD2B7D471100E41FBA /* Build configuration list for PBXProject "MyPet" */;
			compatibilityVersion = "Xcode 14.0";
			developmentRegion = en;
			hasScannedForEncodings = 0;
			knownRegions = (
				en,
				Base,
			);
			mainGroup = EA62EEF92B7D471100E41FBA;
			productRefGroup = EA62EF032B7D471200E41FBA /* Products */;
			projectDirPath = "";
			projectRoot = "";
			targets = (
				EA62EF012B7D471200E41FBA /* MyPet */,
				EA62EF112B7D471400E41FBA /* MyPetTests */,
				EA62EF1B2B7D471400E41FBA /* MyPetUITests */,
			);
		};
/* End PBXProject section */

/* Begin PBXResourcesBuildPhase section */
		EA62EF002B7D471200E41FBA /* Resources */ = {
			isa = PBXResourcesBuildPhase;
			buildActionMask = 2147483647;
			files = (
				EA62EF0D2B7D471400E41FBA /* Preview Assets.xcassets in Resources */,
				EA62EF0A2B7D471400E41FBA /* Assets.xcassets in Resources */,
			);
			runOnlyForDeploymentPostprocessing = 0;
		};
		EA62EF102B7D471400E41FBA /* Resources */ = {
			isa = PBXResourcesBuildPhase;
			buildActionMask = 2147483647;
			files = (
			);
			runOnlyForDeploymentPostprocessing = 0;
		};
		EA62EF1A2B7D471400E41FBA /* Resources */ = {
			isa = PBXResourcesBuildPhase;
			buildActionMask = 2147483647;
			files = (
			);
			runOnlyForDeploymentPostprocessing = 0;
		};
/* End PBXResourcesBuildPhase section */

/* Begin PBXSourcesBuildPhase section */
		EA62EEFE2B7D471200E41FBA /* Sources */ = {
			isa = PBXSourcesBuildPhase;
			buildActionMask = 2147483647;
			files = (
				EA62EF312B7D47AD00E41FBA /* Pet.swift in Sources */,
				EA62EF082B7D471200E41FBA /* ContentView.swift in Sources */,
				EA62EF342B7D487900E41FBA /* NameDisplayView.swift in Sources */,
				EA62EF062B7D471200E41FBA /* MyPetApp.swift in Sources */,
			);
			runOnlyForDeploymentPostprocessing = 0;
		};
		EA62EF0E2B7D471400E41FBA /* Sources */ = {
			isa = PBXSourcesBuildPhase;
			buildActionMask = 2147483647;
			files = (
				EA62EF172B7D471400E41FBA /* MyPetTests.swift in Sources */,
			);
			runOnlyForDeploymentPostprocessing = 0;
		};
		EA62EF182B7D471400E41FBA /* Sources */ = {
			isa = PBXSourcesBuildPhase;
			buildActionMask = 2147483647;
			files = (
				EA62EF232B7D471400E41FBA /* MyPetUITestsLaunchTests.swift in Sources */,
				EA62EF212B7D471400E41FBA /* MyPetUITests.swift in Sources */,
			);
			runOnlyForDeploymentPostprocessing = 0;
		};
/* End PBXSourcesBuildPhase section */

/* Begin PBXTargetDependency section */
		EA62EF142B7D471400E41FBA /* PBXTargetDependency */ = {
			isa = PBXTargetDependency;
			target = EA62EF012B7D471200E41FBA /* MyPet */;
			targetProxy = EA62EF132B7D471400E41FBA /* PBXContainerItemProxy */;
		};
		EA62EF1E2B7D471400E41FBA /* PBXTargetDependency */ = {
			isa = PBXTargetDependency;
			target = EA62EF012B7D471200E41FBA /* MyPet */;
			targetProxy = EA62EF1D2B7D471400E41FBA /* PBXContainerItemProxy */;
		};
/* End PBXTargetDependency section */

/* Begin XCBuildConfiguration section */
		EA62EF242B7D471400E41FBA /* Debug */ = {
			isa = XCBuildConfiguration;
			buildSettings = {
				ALWAYS_SEARCH_USER_PATHS = NO;
				ASSETCATALOG_COMPILER_GENERATE_SWIFT_ASSET_SYMBOL_EXTENSIONS = YES;
				CLANG_ANALYZER_NONNULL = YES;
				CLANG_ANALYZER_NUMBER_OBJECT_CONVERSION = YES_AGGRESSIVE;
				CLANG_CXX_LANGUAGE_STANDARD = "gnu++20";
				CLANG_ENABLE_MODULES = YES;
				CLANG_ENABLE_OBJC_ARC = YES;
				CLANG_ENABLE_OBJC_WEAK = YES;
				CLANG_WARN_BLOCK_CAPTURE_AUTORELEASING = YES;
				CLANG_WARN_BOOL_CONVERSION = YES;
				CLANG_WARN_COMMA = YES;
				CLANG_WARN_CONSTANT_CONVERSION = YES;
				CLANG_WARN_DEPRECATED_OBJC_IMPLEMENTATIONS = YES;
				CLANG_WARN_DIRECT_OBJC_ISA_USAGE = YES_ERROR;
				CLANG_WARN_DOCUMENTATION_COMMENTS = YES;
				CLANG_WARN_EMPTY_BODY = YES;
				CLANG_WARN_ENUM_CONVERSION = YES;
				CLANG_WARN_INFINITE_RECURSION = YES;
				CLANG_WARN_INT_CONVERSION = YES;
				CLANG_WARN_NON_LITERAL_NULL_CONVERSION = YES;
				CLANG_WARN_OBJC_IMPLICIT_RETAIN_SELF = YES;
				CLANG_WARN_OBJC_LITERAL_CONVERSION = YES;
				CLANG_WARN_OBJC_ROOT_CLASS = YES_ERROR;
				CLANG_WARN_QUOTED_INCLUDE_IN_FRAMEWORK_HEADER = YES;
				CLANG_WARN_RANGE_LOOP_ANALYSIS = YES;
				CLANG_WARN_STRICT_PROTOTYPES = YES;
				CLANG_WARN_SUSPICIOUS_MOVE = YES;
				CLANG_WARN_UNGUARDED_AVAILABILITY = YES_AGGRESSIVE;
				CLANG_WARN_UNREACHABLE_CODE = YES;
				CLANG_WARN__DUPLICATE_METHOD_MATCH = YES;
				COPY_PHASE_STRIP = NO;
				DEBUG_INFORMATION_FORMAT = dwarf;
				ENABLE_STRICT_OBJC_MSGSEND = YES;
				ENABLE_TESTABILITY = YES;
				ENABLE_USER_SCRIPT_SANDBOXING = YES;
				GCC_C_LANGUAGE_STANDARD = gnu17;
				GCC_DYNAMIC_NO_PIC = NO;
				GCC_NO_COMMON_BLOCKS = YES;
				GCC_OPTIMIZATION_LEVEL = 0;
				GCC_PREPROCESSOR_DEFINITIONS = (
					"DEBUG=1",
					"$(inherited)",
				);
				GCC_WARN_64_TO_32_BIT_CONVERSION = YES;
				GCC_WARN_ABOUT_RETURN_TYPE = YES_ERROR;
				GCC_WARN_UNDECLARED_SELECTOR = YES;
				GCC_WARN_UNINITIALIZED_AUTOS = YES_AGGRESSIVE;
				GCC_WARN_UNUSED_FUNCTION = YES;
				GCC_WARN_UNUSED_VARIABLE = YES;
				IPHONEOS_DEPLOYMENT_TARGET = 17.2;
				LOCALIZATION_PREFERS_STRING_CATALOGS = YES;
				MTL_ENABLE_DEBUG_INFO = INCLUDE_SOURCE;
				MTL_FAST_MATH = YES;
				ONLY_ACTIVE_ARCH = YES;
				SDKROOT = iphoneos;
				SWIFT_ACTIVE_COMPILATION_CONDITIONS = "DEBUG $(inherited)";
				SWIFT_OPTIMIZATION_LEVEL = "-Onone";
			};
			name = Debug;
		};
		EA62EF252B7D471400E41FBA /* Release */ = {
			isa = XCBuildConfiguration;
			buildSettings = {
				ALWAYS_SEARCH_USER_PATHS = NO;
				ASSETCATALOG_COMPILER_GENERATE_SWIFT_ASSET_SYMBOL_EXTENSIONS = YES;
				CLANG_ANALYZER_NONNULL = YES;
				CLANG_ANALYZER_NUMBER_OBJECT_CONVERSION = YES_AGGRESSIVE;
				CLANG_CXX_LANGUAGE_STANDARD = "gnu++20";
				CLANG_ENABLE_MODULES = YES;
				CLANG_ENABLE_OBJC_ARC = YES;
				CLANG_ENABLE_OBJC_WEAK = YES;
				CLANG_WARN_BLOCK_CAPTURE_AUTORELEASING = YES;
				CLANG_WARN_BOOL_CONVERSION = YES;
				CLANG_WARN_COMMA = YES;
				CLANG_WARN_CONSTANT_CONVERSION = YES;
				CLANG_WARN_DEPRECATED_OBJC_IMPLEMENTATIONS = YES;
				CLANG_WARN_DIRECT_OBJC_ISA_USAGE = YES_ERROR;
				CLANG_WARN_DOCUMENTATION_COMMENTS = YES;
				CLANG_WARN_EMPTY_BODY = YES;
				CLANG_WARN_ENUM_CONVERSION = YES;
				CLANG_WARN_INFINITE_RECURSION = YES;
				CLANG_WARN_INT_CONVERSION = YES;
				CLANG_WARN_NON_LITERAL_NULL_CONVERSION = YES;
				CLANG_WARN_OBJC_IMPLICIT_RETAIN_SELF = YES;
				CLANG_WARN_OBJC_LITERAL_CONVERSION = YES;
				CLANG_WARN_OBJC_ROOT_CLASS = YES_ERROR;
				CLANG_WARN_QUOTED_INCLUDE_IN_FRAMEWORK_HEADER = YES;
				CLANG_WARN_RANGE_LOOP_ANALYSIS = YES;
				CLANG_WARN_STRICT_PROTOTYPES = YES;
				CLANG_WARN_SUSPICIOUS_MOVE = YES;
				CLANG_WARN_UNGUARDED_AVAILABILITY = YES_AGGRESSIVE;
				CLANG_WARN_UNREACHABLE_CODE = YES;
				CLANG_WARN__DUPLICATE_METHOD_MATCH = YES;
				COPY_PHASE_STRIP = NO;
				DEBUG_INFORMATION_FORMAT = "dwarf-with-dsym";
				ENABLE_NS_ASSERTIONS = NO;
				ENABLE_STRICT_OBJC_MSGSEND = YES;
				ENABLE_USER_SCRIPT_SANDBOXING = YES;
				GCC_C_LANGUAGE_STANDARD = gnu17;
				GCC_NO_COMMON_BLOCKS = YES;
				GCC_WARN_64_TO_32_BIT_CONVERSION = YES;
				GCC_WARN_ABOUT_RETURN_TYPE = YES_ERROR;
				GCC_WARN_UNDECLARED_SELECTOR = YES;
				GCC_WARN_UNINITIALIZED_AUTOS = YES_AGGRESSIVE;
				GCC_WARN_UNUSED_FUNCTION = YES;
				GCC_WARN_UNUSED_VARIABLE = YES;
				IPHONEOS_DEPLOYMENT_TARGET = 17.2;
				LOCALIZATION_PREFERS_STRING_CATALOGS = YES;
				MTL_ENABLE_DEBUG_INFO = NO;
				MTL_FAST_MATH = YES;
				SDKROOT = iphoneos;
				SWIFT_COMPILATION_MODE = wholemodule;
				VALIDATE_PRODUCT = YES;
			};
			name = Release;
		};
		EA62EF272B7D471400E41FBA /* Debug */ = {
			isa = XCBuildConfiguration;
			buildSettings = {
				ASSETCATALOG_COMPILER_APPICON_NAME = AppIcon;
				ASSETCATALOG_COMPILER_GLOBAL_ACCENT_COLOR_NAME = AccentColor;
				CODE_SIGN_STYLE = Automatic;
				CURRENT_PROJECT_VERSION = 1;
				DEVELOPMENT_ASSET_PATHS = "\"MyPet/Preview Content\"";
				ENABLE_PREVIEWS = YES;
				GENERATE_INFOPLIST_FILE = YES;
				INFOPLIST_KEY_UIApplicationSceneManifest_Generation = YES;
				INFOPLIST_KEY_UIApplicationSupportsIndirectInputEvents = YES;
				INFOPLIST_KEY_UILaunchScreen_Generation = YES;
				INFOPLIST_KEY_UISupportedInterfaceOrientations_iPad = "UIInterfaceOrientationPortrait UIInterfaceOrientationPortraitUpsideDown UIInterfaceOrientationLandscapeLeft UIInterfaceOrientationLandscapeRight";
				INFOPLIST_KEY_UISupportedInterfaceOrientations_iPhone = "UIInterfaceOrientationPortrait UIInterfaceOrientationLandscapeLeft UIInterfaceOrientationLandscapeRight";
				LD_RUNPATH_SEARCH_PATHS = (
					"$(inherited)",
					"@executable_path/Frameworks",
				);
				MARKETING_VERSION = 1.0;
				PRODUCT_BUNDLE_IDENTIFIER = AlanGardiner.MyPet;
				PRODUCT_NAME = "$(TARGET_NAME)";
				SWIFT_EMIT_LOC_STRINGS = YES;
				SWIFT_VERSION = 5.0;
				TARGETED_DEVICE_FAMILY = "1,2";
			};
			name = Debug;
		};
		EA62EF282B7D471400E41FBA /* Release */ = {
			isa = XCBuildConfiguration;
			buildSettings = {
				ASSETCATALOG_COMPILER_APPICON_NAME = AppIcon;
				ASSETCATALOG_COMPILER_GLOBAL_ACCENT_COLOR_NAME = AccentColor;
				CODE_SIGN_STYLE = Automatic;
				CURRENT_PROJECT_VERSION = 1;
				DEVELOPMENT_ASSET_PATHS = "\"MyPet/Preview Content\"";
				ENABLE_PREVIEWS = YES;
				GENERATE_INFOPLIST_FILE = YES;
				INFOPLIST_KEY_UIApplicationSceneManifest_Generation = YES;
				INFOPLIST_KEY_UIApplicationSupportsIndirectInputEvents = YES;
				INFOPLIST_KEY_UILaunchScreen_Generation = YES;
				INFOPLIST_KEY_UISupportedInterfaceOrientations_iPad = "UIInterfaceOrientationPortrait UIInterfaceOrientationPortraitUpsideDown UIInterfaceOrientationLandscapeLeft UIInterfaceOrientationLandscapeRight";
				INFOPLIST_KEY_UISupportedInterfaceOrientations_iPhone = "UIInterfaceOrientationPortrait UIInterfaceOrientationLandscapeLeft UIInterfaceOrientationLandscapeRight";
				LD_RUNPATH_SEARCH_PATHS = (
					"$(inherited)",
					"@executable_path/Frameworks",
				);
				MARKETING_VERSION = 1.0;
				PRODUCT_BUNDLE_IDENTIFIER = AlanGardiner.MyPet;
				PRODUCT_NAME = "$(TARGET_NAME)";
				SWIFT_EMIT_LOC_STRINGS = YES;
				SWIFT_VERSION = 5.0;
				TARGETED_DEVICE_FAMILY = "1,2";
			};
			name = Release;
		};
		EA62EF2A2B7D471400E41FBA /* Debug */ = {
			isa = XCBuildConfiguration;
			buildSettings = {
				ALWAYS_EMBED_SWIFT_STANDARD_LIBRARIES = YES;
				BUNDLE_LOADER = "$(TEST_HOST)";
				CODE_SIGN_STYLE = Automatic;
				CURRENT_PROJECT_VERSION = 1;
				GENERATE_INFOPLIST_FILE = YES;
				IPHONEOS_DEPLOYMENT_TARGET = 17.2;
				MARKETING_VERSION = 1.0;
				PRODUCT_BUNDLE_IDENTIFIER = AlanGardiner.MyPetTests;
				PRODUCT_NAME = "$(TARGET_NAME)";
				SWIFT_EMIT_LOC_STRINGS = NO;
				SWIFT_VERSION = 5.0;
				TARGETED_DEVICE_FAMILY = "1,2";
				TEST_HOST = "$(BUILT_PRODUCTS_DIR)/MyPet.app/$(BUNDLE_EXECUTABLE_FOLDER_PATH)/MyPet";
			};
			name = Debug;
		};
		EA62EF2B2B7D471400E41FBA /* Release */ = {
			isa = XCBuildConfiguration;
			buildSettings = {
				ALWAYS_EMBED_SWIFT_STANDARD_LIBRARIES = YES;
				BUNDLE_LOADER = "$(TEST_HOST)";
				CODE_SIGN_STYLE = Automatic;
				CURRENT_PROJECT_VERSION = 1;
				GENERATE_INFOPLIST_FILE = YES;
				IPHONEOS_DEPLOYMENT_TARGET = 17.2;
				MARKETING_VERSION = 1.0;
				PRODUCT_BUNDLE_IDENTIFIER = AlanGardiner.MyPetTests;
				PRODUCT_NAME = "$(TARGET_NAME)";
				SWIFT_EMIT_LOC_STRINGS = NO;
				SWIFT_VERSION = 5.0;
				TARGETED_DEVICE_FAMILY = "1,2";
				TEST_HOST = "$(BUILT_PRODUCTS_DIR)/MyPet.app/$(BUNDLE_EXECUTABLE_FOLDER_PATH)/MyPet";
			};
			name = Release;
		};
		EA62EF2D2B7D471400E41FBA /* Debug */ = {
			isa = XCBuildConfiguration;
			buildSettings = {
				ALWAYS_EMBED_SWIFT_STANDARD_LIBRARIES = YES;
				CODE_SIGN_STYLE = Automatic;
				CURRENT_PROJECT_VERSION = 1;
				GENERATE_INFOPLIST_FILE = YES;
				MARKETING_VERSION = 1.0;
				PRODUCT_BUNDLE_IDENTIFIER = AlanGardiner.MyPetUITests;
				PRODUCT_NAME = "$(TARGET_NAME)";
				SWIFT_EMIT_LOC_STRINGS = NO;
				SWIFT_VERSION = 5.0;
				TARGETED_DEVICE_FAMILY = "1,2";
				TEST_TARGET_NAME = MyPet;
			};
			name = Debug;
		};
		EA62EF2E2B7D471400E41FBA /* Release */ = {
			isa = XCBuildConfiguration;
			buildSettings = {
				ALWAYS_EMBED_SWIFT_STANDARD_LIBRARIES = YES;
				CODE_SIGN_STYLE = Automatic;
				CURRENT_PROJECT_VERSION = 1;
				GENERATE_INFOPLIST_FILE = YES;
				MARKETING_VERSION = 1.0;
				PRODUCT_BUNDLE_IDENTIFIER = AlanGardiner.MyPetUITests;
				PRODUCT_NAME = "$(TARGET_NAME)";
				SWIFT_EMIT_LOC_STRINGS = NO;
				SWIFT_VERSION = 5.0;
				TARGETED_DEVICE_FAMILY = "1,2";
				TEST_TARGET_NAME = MyPet;
			};
			name = Release;
		};
/* End XCBuildConfiguration section */

/* Begin XCConfigurationList section */
		EA62EEFD2B7D471100E41FBA /* Build configuration list for PBXProject "MyPet" */ = {
			isa = XCConfigurationList;
			buildConfigurations = (
				EA62EF242B7D471400E41FBA /* Debug */,
				EA62EF252B7D471400E41FBA /* Release */,
			);
			defaultConfigurationIsVisible = 0;
			defaultConfigurationName = Release;
		};
		EA62EF262B7D471400E41FBA /* Build configuration list for PBXNativeTarget "MyPet" */ = {
			isa = XCConfigurationList;
			buildConfigurations = (
				EA62EF272B7D471400E41FBA /* Debug */,
				EA62EF282B7D471400E41FBA /* Release */,
			);
			defaultConfigurationIsVisible = 0;
			defaultConfigurationName = Release;
		};
		EA62EF292B7D471400E41FBA /* Build configuration list for PBXNativeTarget "MyPetTests" */ = {
			isa = XCConfigurationList;
			buildConfigurations = (
				EA62EF2A2B7D471400E41FBA /* Debug */,
				EA62EF2B2B7D471400E41FBA /* Release */,
			);
			defaultConfigurationIsVisible = 0;
			defaultConfigurationName = Release;
		};
		EA62EF2C2B7D471400E41FBA /* Build configuration list for PBXNativeTarget "MyPetUITests" */ = {
			isa = XCConfigurationList;
			buildConfigurations = (
				EA62EF2D2B7D471400E41FBA /* Debug */,
				EA62EF2E2B7D471400E41FBA /* Release */,
			);
			defaultConfigurationIsVisible = 0;
			defaultConfigurationName = Release;
		};
/* End XCConfigurationList section */
	};
	rootObject = EA62EEFA2B7D471100E41FBA /* Project object */;
}
